
Microsoft Visual Studio Solution File, Format Version 12.00
# Visual Studio Version 17
VisualStudioVersion = 17.9.34607.119
MinimumVisualStudioVersion = 10.0.40219.1
Project("{2150E333-8FDC-42A3-9474-1A3956D46DE8}") = "01 - Testes de Unidade", "01 - Testes de Unidade", "{029D399D-6B5E-4089-9CA7-04BF417BBA14}"
EndProject
Project("{2150E333-8FDC-42A3-9474-1A3956D46DE8}") = "02 - TDD", "02 - TDD", "{54DF3961-B146-49BF-818F-86D984E5FF91}"
EndProject
Project("{2150E333-8FDC-42A3-9474-1A3956D46DE8}") = "Tests", "Tests", "{13559617-B4E4-4721-9B93-1A9153C9C728}"
EndProject
Project("{FAE04EC0-301F-11D3-BF4B-00C04F79EFBC}") = "NerdStore.Vendas.Application.Tests", "NerdStore.Vendas.Application.Tests\NerdStore.Vendas.Application.Tests.csproj", "{BF204079-DE7C-40E5-973A-438790E0E286}"
EndProject
Project("{FAE04EC0-301F-11D3-BF4B-00C04F79EFBC}") = "NerdStore.Vendas.Domain.Tests", "NerdStore.Vendas.Domain.Tests\NerdStore.Vendas.Domain.Tests.csproj", "{D0F1D3C8-401A-4290-B58C-0A3CA711F2CC}"
EndProject
Project("{FAE04EC0-301F-11D3-BF4B-00C04F79EFBC}") = "NerdStore.Vendas.Domain", "NerdStore.Vendas.Domain\NerdStore.Vendas.Domain.csproj", "{796A1BBE-84A6-46AF-9EA0-F2C5C1D0D7AE}"
EndProject
Project("{FAE04EC0-301F-11D3-BF4B-00C04F79EFBC}") = "NerdStore.Core", "NerdStore.Core\NerdStore.Core.csproj", "{2549F9AB-304B-48BC-9FA2-B579DE4DDEB3}"
EndProject
Global
	GlobalSection(SolutionConfigurationPlatforms) = preSolution
		Debug|Any CPU = Debug|Any CPU
		Release|Any CPU = Release|Any CPU
	EndGlobalSection
	GlobalSection(ProjectConfigurationPlatforms) = postSolution
		{BF204079-DE7C-40E5-973A-438790E0E286}.Debug|Any CPU.ActiveCfg = Debug|Any CPU
		{BF204079-DE7C-40E5-973A-438790E0E286}.Debug|Any CPU.Build.0 = Debug|Any CPU
		{BF204079-DE7C-40E5-973A-438790E0E286}.Release|Any CPU.ActiveCfg = Release|Any CPU
		{BF204079-DE7C-40E5-973A-438790E0E286}.Release|Any CPU.Build.0 = Release|Any CPU
		{D0F1D3C8-401A-4290-B58C-0A3CA711F2CC}.Debug|Any CPU.ActiveCfg = Debug|Any CPU
		{D0F1D3C8-401A-4290-B58C-0A3CA711F2CC}.Debug|Any CPU.Build.0 = Debug|Any CPU
		{D0F1D3C8-401A-4290-B58C-0A3CA711F2CC}.Release|Any CPU.ActiveCfg = Release|Any CPU
		{D0F1D3C8-401A-4290-B58C-0A3CA711F2CC}.Release|Any CPU.Build.0 = Release|Any CPU
		{796A1BBE-84A6-46AF-9EA0-F2C5C1D0D7AE}.Debug|Any CPU.ActiveCfg = Debug|Any CPU
		{796A1BBE-84A6-46AF-9EA0-F2C5C1D0D7AE}.Debug|Any CPU.Build.0 = Debug|Any CPU
		{796A1BBE-84A6-46AF-9EA0-F2C5C1D0D7AE}.Release|Any CPU.ActiveCfg = Release|Any CPU
		{796A1BBE-84A6-46AF-9EA0-F2C5C1D0D7AE}.Release|Any CPU.Build.0 = Release|Any CPU
		{2549F9AB-304B-48BC-9FA2-B579DE4DDEB3}.Debug|Any CPU.ActiveCfg = Debug|Any CPU
		{2549F9AB-304B-48BC-9FA2-B579DE4DDEB3}.Debug|Any CPU.Build.0 = Debug|Any CPU
		{2549F9AB-304B-48BC-9FA2-B579DE4DDEB3}.Release|Any CPU.ActiveCfg = Release|Any CPU
		{2549F9AB-304B-48BC-9FA2-B579DE4DDEB3}.Release|Any CPU.Build.0 = Release|Any CPU
	EndGlobalSection
	GlobalSection(SolutionProperties) = preSolution
		HideSolutionNode = FALSE
	EndGlobalSection
	GlobalSection(NestedProjects) = preSolution
		{13559617-B4E4-4721-9B93-1A9153C9C728} = {54DF3961-B146-49BF-818F-86D984E5FF91}
		{BF204079-DE7C-40E5-973A-438790E0E286} = {13559617-B4E4-4721-9B93-1A9153C9C728}
		{D0F1D3C8-401A-4290-B58C-0A3CA711F2CC} = {13559617-B4E4-4721-9B93-1A9153C9C728}
		{796A1BBE-84A6-46AF-9EA0-F2C5C1D0D7AE} = {54DF3961-B146-49BF-818F-86D984E5FF91}
		{2549F9AB-304B-48BC-9FA2-B579DE4DDEB3} = {54DF3961-B146-49BF-818F-86D984E5FF91}
	EndGlobalSection
	GlobalSection(ExtensibilityGlobals) = postSolution
		SolutionGuid = {67102114-7DD5-437F-8950-146A396CB3B1}
	EndGlobalSection
EndGlobal
